# This file is automatically @generated by Cargo.
# It is not intended for manual editing.
version = 3

[[package]]
name = "adler32"
version = "1.0.3"
source = "registry+https://github.com/rust-lang/crates.io-index"
checksum = "7e522997b529f05601e05166c07ed17789691f562762c7f3b987263d2dedee5c"

[[package]]
name = "ansi_term"
version = "0.11.0"
source = "registry+https://github.com/rust-lang/crates.io-index"
checksum = "ee49baf6cb617b853aa8d93bf420db2383fab46d314482ca2803b40d5fde979b"
dependencies = [
 "winapi 0.3.6",
]

[[package]]
name = "antidote"
version = "1.0.0"
source = "registry+https://github.com/rust-lang/crates.io-index"
checksum = "34fde25430d87a9388dadbe6e34d7f72a462c8b43ac8d309b42b0a8505d7e2a5"

[[package]]
name = "arc-swap"
version = "0.3.7"
source = "registry+https://github.com/rust-lang/crates.io-index"
checksum = "1025aeae2b664ca0ea726a89d574fe8f4e77dd712d443236ad1de00379450cf6"

[[package]]
name = "arrayvec"
version = "0.4.10"
source = "registry+https://github.com/rust-lang/crates.io-index"
checksum = "92c7fb76bc8826a8b33b4ee5bb07a247a81e76764ab4d55e8f73e3a4d8808c71"
dependencies = [
 "nodrop",
]

[[package]]
name = "atty"
version = "0.2.11"
source = "registry+https://github.com/rust-lang/crates.io-index"
checksum = "9a7d5b8723950951411ee34d271d99dddcc2035a16ab25310ea2c8cfd4369652"
dependencies = [
 "libc",
 "termion",
 "winapi 0.3.6",
]

[[package]]
name = "autocfg"
version = "0.1.2"
source = "registry+https://github.com/rust-lang/crates.io-index"
checksum = "a6d640bee2da49f60a4068a7fae53acde8982514ab7bae8b8cea9e88cbcfd799"

[[package]]
name = "bitflags"
version = "1.0.4"
source = "registry+https://github.com/rust-lang/crates.io-index"
checksum = "228047a76f468627ca71776ecdebd732a3423081fcf5125585bcd7c49886ce12"

[[package]]
name = "build_const"
version = "0.2.1"
source = "registry+https://github.com/rust-lang/crates.io-index"
checksum = "39092a32794787acd8525ee150305ff051b0aa6cc2abaf193924f5ab05425f39"

[[package]]
name = "byteorder"
version = "1.3.1"
source = "registry+https://github.com/rust-lang/crates.io-index"
checksum = "a019b10a2a7cdeb292db131fc8113e57ea2a908f6e7894b0c3c671893b65dbeb"

[[package]]
name = "bytes"
version = "0.4.11"
source = "registry+https://github.com/rust-lang/crates.io-index"
checksum = "40ade3d27603c2cb345eb0912aec461a6dec7e06a4ae48589904e808335c7afa"
dependencies = [
 "byteorder",
 "iovec",
]

[[package]]
name = "c_linked_list"
version = "1.1.1"
source = "registry+https://github.com/rust-lang/crates.io-index"
checksum = "4964518bd3b4a8190e832886cdc0da9794f12e8e6c1613a9e90ff331c4c8724b"

[[package]]
name = "cc"
version = "1.0.28"
source = "registry+https://github.com/rust-lang/crates.io-index"
checksum = "bb4a8b715cb4597106ea87c7c84b2f1d452c7492033765df7f32651e66fcf749"

[[package]]
name = "cfg-if"
version = "0.1.6"
source = "registry+https://github.com/rust-lang/crates.io-index"
checksum = "082bb9b28e00d3c9d39cc03e64ce4cea0f1bb9b3fde493f0cbc008472d22bdf4"

[[package]]
name = "chrono"
version = "0.4.6"
source = "registry+https://github.com/rust-lang/crates.io-index"
checksum = "45912881121cb26fad7c38c17ba7daa18764771836b34fab7d3fbd93ed633878"
dependencies = [
 "num-integer",
 "num-traits",
 "time",
]

[[package]]
name = "clap"
version = "2.32.0"
source = "registry+https://github.com/rust-lang/crates.io-index"
checksum = "b957d88f4b6a63b9d70d5f454ac8011819c6efa7727858f458ab71c756ce2d3e"
dependencies = [
 "ansi_term",
 "atty",
 "bitflags",
 "strsim",
 "textwrap",
 "unicode-width",
 "vec_map",
]

[[package]]
name = "cloudabi"
version = "0.0.3"
source = "registry+https://github.com/rust-lang/crates.io-index"
checksum = "ddfc5b9aa5d4507acaf872de71051dfd0e309860e88966e1051e462a077aac4f"
dependencies = [
 "bitflags",
]

[[package]]
name = "colored"
version = "1.7.0"
source = "registry+https://github.com/rust-lang/crates.io-index"
checksum = "6e9a455e156a4271e12fd0246238c380b1e223e3736663c7a18ed8b6362028a9"
dependencies = [
 "lazy_static",
]

[[package]]
name = "crc"
version = "1.8.1"
source = "registry+https://github.com/rust-lang/crates.io-index"
checksum = "d663548de7f5cca343f1e0a48d14dcfb0e9eb4e079ec58883b7251539fa10aeb"
dependencies = [
 "build_const",
]

[[package]]
name = "crc32fast"
version = "1.1.2"
source = "registry+https://github.com/rust-lang/crates.io-index"
checksum = "e91d5240c6975ef33aeb5f148f35275c25eda8e8a5f95abe421978b05b8bf192"
dependencies = [
 "cfg-if",
]

[[package]]
name = "crossbeam"
version = "0.3.2"
source = "registry+https://github.com/rust-lang/crates.io-index"
checksum = "24ce9782d4d5c53674646a6a4c1863a21a8fc0cb649b3c94dfc16e45071dea19"

[[package]]
name = "crossbeam-channel"
version = "0.3.6"
source = "registry+https://github.com/rust-lang/crates.io-index"
checksum = "137bc235f622ffaa0428e3854e24acb53291fc0b3ff6fb2cb75a8be6fb02f06b"
dependencies = [
 "crossbeam-utils",
 "parking_lot",
 "rand 0.6.4",
 "smallvec",
]

[[package]]
name = "crossbeam-deque"
version = "0.6.3"
source = "registry+https://github.com/rust-lang/crates.io-index"
checksum = "05e44b8cf3e1a625844d1750e1f7820da46044ff6d28f4d43e455ba3e5bb2c13"
dependencies = [
 "crossbeam-epoch",
 "crossbeam-utils",
]

[[package]]
name = "crossbeam-epoch"
version = "0.7.0"
source = "registry+https://github.com/rust-lang/crates.io-index"
checksum = "f10a4f8f409aaac4b16a5474fb233624238fcdeefb9ba50d5ea059aab63ba31c"
dependencies = [
 "arrayvec",
 "cfg-if",
 "crossbeam-utils",
 "lazy_static",
 "memoffset",
 "scopeguard",
]

[[package]]
name = "crossbeam-utils"
version = "0.6.3"
source = "registry+https://github.com/rust-lang/crates.io-index"
checksum = "41ee4864f4797060e52044376f7d107429ce1fb43460021b126424b7180ee21a"
dependencies = [
 "cfg-if",
]

[[package]]
name = "csv"
version = "1.0.5"
source = "registry+https://github.com/rust-lang/crates.io-index"
checksum = "9fd1c44c58078cfbeaf11fbb3eac9ae5534c23004ed770cc4bfb48e658ae4f04"
dependencies = [
 "csv-core",
 "serde",
]

[[package]]
name = "csv-core"
version = "0.1.5"
source = "registry+https://github.com/rust-lang/crates.io-index"
checksum = "fa5cdef62f37e6ffe7d1f07a381bc0db32b7a3ff1cac0de56cb0d81e71f53d65"
dependencies = [
 "memchr",
]

[[package]]
name = "dtoa"
version = "0.4.3"
source = "registry+https://github.com/rust-lang/crates.io-index"
checksum = "6d301140eb411af13d3115f9a562c85cc6b541ade9dfa314132244aaee7489dd"

[[package]]
name = "encode_unicode"
version = "0.3.5"
source = "registry+https://github.com/rust-lang/crates.io-index"
checksum = "90b2c9496c001e8cb61827acdefad780795c42264c137744cae6f7d9e3450abd"

[[package]]
name = "flate2"
version = "1.0.6"
source = "registry+https://github.com/rust-lang/crates.io-index"
checksum = "2291c165c8e703ee54ef3055ad6188e3d51108e2ded18e9f2476e774fc5ad3d4"
dependencies = [
 "crc32fast",
 "libc",
 "miniz-sys",
 "miniz_oxide_c_api",
]

[[package]]
name = "fnv"
version = "1.0.6"
source = "registry+https://github.com/rust-lang/crates.io-index"
checksum = "2fad85553e09a6f881f739c29f0b00b0f01357c743266d478b68951ce23285f3"

[[package]]
name = "fuchsia-zircon"
version = "0.3.3"
source = "registry+https://github.com/rust-lang/crates.io-index"
checksum = "2e9763c69ebaae630ba35f74888db465e49e259ba1bc0eda7d06f4a067615d82"
dependencies = [
 "bitflags",
 "fuchsia-zircon-sys",
]

[[package]]
name = "fuchsia-zircon-sys"
version = "0.3.3"
source = "registry+https://github.com/rust-lang/crates.io-index"
checksum = "3dcaa9ae7725d12cdb85b3ad99a434db70b468c09ded17e012d86b5c1010f7a7"

[[package]]
name = "futures"
version = "0.1.25"
source = "registry+https://github.com/rust-lang/crates.io-index"
checksum = "49e7653e374fe0d0c12de4250f0bdb60680b8c80eed558c5c7538eec9c89e21b"

[[package]]
name = "gcc"
version = "0.3.55"
source = "registry+https://github.com/rust-lang/crates.io-index"
checksum = "8f5f3913fa0bfe7ee1fd8248b6b9f42a5af4b9d65ec2dd2c3c26132b950ecfc2"

[[package]]
name = "get_if_addrs"
version = "0.5.3"
source = "registry+https://github.com/rust-lang/crates.io-index"
checksum = "abddb55a898d32925f3148bd281174a68eeb68bbfd9a5938a57b18f506ee4ef7"
dependencies = [
 "c_linked_list",
 "get_if_addrs-sys",
 "libc",
 "winapi 0.2.8",
]

[[package]]
name = "get_if_addrs-sys"
version = "0.1.1"
source = "registry+https://github.com/rust-lang/crates.io-index"
checksum = "0d04f9fb746cf36b191c00f3ede8bde9c8e64f9f4b05ae2694a9ccf5e3f5ab48"
dependencies = [
 "gcc",
 "libc",
]

[[package]]
name = "hll-rust"
version = "1.0.0"
dependencies = [
 "chrono",
 "clap",
 "colored",
 "futures",
 "get_if_addrs",
 "log",
 "log4rs",
 "num",
 "num-bigint",
 "prettytable-rs",
 "rust-crypto",
 "serde",
 "serde_derive",
 "serde_json",
 "signal-hook",
 "tokio",
]

[[package]]
name = "humantime"
version = "1.2.0"
source = "registry+https://github.com/rust-lang/crates.io-index"
checksum = "3ca7e5f2e110db35f93b837c81797f3714500b81d517bf20c431b16d3ca4f114"
dependencies = [
 "quick-error",
]

[[package]]
name = "iovec"
version = "0.1.2"
source = "registry+https://github.com/rust-lang/crates.io-index"
checksum = "dbe6e417e7d0975db6512b90796e8ce223145ac4e33c377e4a42882a0e88bb08"
dependencies = [
 "libc",
 "winapi 0.2.8",
]

[[package]]
name = "itoa"
version = "0.4.3"
source = "registry+https://github.com/rust-lang/crates.io-index"
checksum = "1306f3464951f30e30d12373d31c79fbd52d236e5e896fd92f96ec7babbbe60b"

[[package]]
name = "kernel32-sys"
version = "0.2.2"
source = "registry+https://github.com/rust-lang/crates.io-index"
checksum = "7507624b29483431c0ba2d82aece8ca6cdba9382bff4ddd0f7490560c056098d"
dependencies = [
 "winapi 0.2.8",
 "winapi-build",
]

[[package]]
name = "lazy_static"
version = "1.2.0"
source = "registry+https://github.com/rust-lang/crates.io-index"
checksum = "a374c89b9db55895453a74c1e38861d9deec0b01b405a82516e9d5de4820dea1"

[[package]]
name = "lazycell"
version = "1.2.1"
source = "registry+https://github.com/rust-lang/crates.io-index"
checksum = "b294d6fa9ee409a054354afc4352b0b9ef7ca222c69b8812cbea9e7d2bf3783f"

[[package]]
name = "libc"
version = "0.2.46"
source = "registry+https://github.com/rust-lang/crates.io-index"
checksum = "023a4cd09b2ff695f9734c1934145a315594b7986398496841c7031a5a1bbdbd"

[[package]]
name = "linked-hash-map"
version = "0.5.4"
source = "registry+https://github.com/rust-lang/crates.io-index"
checksum = "7fb9b38af92608140b86b693604b9ffcc5824240a484d1ecd4795bacb2fe88f3"

[[package]]
name = "lock_api"
version = "0.1.5"
source = "registry+https://github.com/rust-lang/crates.io-index"
checksum = "62ebf1391f6acad60e5c8b43706dde4582df75c06698ab44511d15016bc2442c"
dependencies = [
 "owning_ref",
 "scopeguard",
]

[[package]]
name = "log"
version = "0.4.6"
source = "registry+https://github.com/rust-lang/crates.io-index"
checksum = "c84ec4b527950aa83a329754b01dbe3f58361d1c5efacd1f6d68c494d08a17c6"
dependencies = [
 "cfg-if",
 "serde",
]

[[package]]
name = "log-mdc"
version = "0.1.0"
source = "registry+https://github.com/rust-lang/crates.io-index"
checksum = "a94d21414c1f4a51209ad204c1776a3d0765002c76c6abcb602a6f09f1e881c7"

[[package]]
name = "log4rs"
version = "0.8.1"
source = "registry+https://github.com/rust-lang/crates.io-index"
checksum = "25e0fc8737a634116a2deb38d821e4400ed16ce9dcb0d628a978d399260f5902"
dependencies = [
 "antidote",
 "chrono",
 "crossbeam",
 "flate2",
 "fnv",
 "humantime",
 "libc",
 "log",
 "log-mdc",
 "serde",
 "serde-value",
 "serde_derive",
 "serde_json",
 "serde_yaml",
 "thread-id",
 "typemap",
 "winapi 0.3.6",
]

[[package]]
name = "memchr"
version = "2.1.3"
source = "registry+https://github.com/rust-lang/crates.io-index"
checksum = "e1dd4eaac298c32ce07eb6ed9242eda7d82955b9170b7d6db59b2e02cc63fcb8"
dependencies = [
 "cfg-if",
 "libc",
]

[[package]]
name = "memoffset"
version = "0.2.1"
source = "registry+https://github.com/rust-lang/crates.io-index"
checksum = "0f9dc261e2b62d7a622bf416ea3c5245cdd5d9a7fcc428c0d06804dfce1775b3"

[[package]]
name = "miniz-sys"
version = "0.1.11"
source = "registry+https://github.com/rust-lang/crates.io-index"
checksum = "0300eafb20369952951699b68243ab4334f4b10a88f411c221d444b36c40e649"
dependencies = [
 "cc",
 "libc",
]

[[package]]
name = "miniz_oxide"
version = "0.2.0"
source = "registry+https://github.com/rust-lang/crates.io-index"
checksum = "5ad30a47319c16cde58d0314f5d98202a80c9083b5f61178457403dfb14e509c"
dependencies = [
 "adler32",
]

[[package]]
name = "miniz_oxide_c_api"
version = "0.2.0"
source = "registry+https://github.com/rust-lang/crates.io-index"
checksum = "28edaef377517fd9fe3e085c37d892ce7acd1fbeab9239c5a36eec352d8a8b7e"
dependencies = [
 "cc",
 "crc",
 "libc",
 "miniz_oxide",
]

[[package]]
name = "mio"
version = "0.6.16"
source = "registry+https://github.com/rust-lang/crates.io-index"
checksum = "71646331f2619b1026cc302f87a2b8b648d5c6dd6937846a16cc8ce0f347f432"
dependencies = [
 "fuchsia-zircon",
 "fuchsia-zircon-sys",
 "iovec",
 "kernel32-sys",
 "lazycell",
 "libc",
 "log",
 "miow",
 "net2",
 "slab",
 "winapi 0.2.8",
]

[[package]]
name = "mio-uds"
version = "0.6.7"
source = "registry+https://github.com/rust-lang/crates.io-index"
checksum = "966257a94e196b11bb43aca423754d87429960a768de9414f3691d6957abf125"
dependencies = [
 "iovec",
 "libc",
 "mio",
]

[[package]]
name = "miow"
version = "0.2.1"
source = "registry+https://github.com/rust-lang/crates.io-index"
checksum = "8c1f2f3b1cf331de6896aabf6e9d55dca90356cc9960cca7eaaf408a355ae919"
dependencies = [
 "kernel32-sys",
 "net2",
 "winapi 0.2.8",
 "ws2_32-sys",
]

[[package]]
name = "net2"
version = "0.2.33"
source = "registry+https://github.com/rust-lang/crates.io-index"
checksum = "42550d9fb7b6684a6d404d9fa7250c2eb2646df731d1c06afc06dcee9e1bcf88"
dependencies = [
 "cfg-if",
 "libc",
 "winapi 0.3.6",
]

[[package]]
name = "nodrop"
version = "0.1.13"
source = "registry+https://github.com/rust-lang/crates.io-index"
checksum = "2f9667ddcc6cc8a43afc9b7917599d7216aa09c463919ea32c59ed6cac8bc945"

[[package]]
name = "num"
version = "0.2.0"
source = "registry+https://github.com/rust-lang/crates.io-index"
checksum = "cf4825417e1e1406b3782a8ce92f4d53f26ec055e3622e1881ca8e9f5f9e08db"
dependencies = [
 "num-bigint",
 "num-complex",
 "num-integer",
 "num-iter",
 "num-rational",
 "num-traits",
]

[[package]]
name = "num-bigint"
version = "0.2.2"
source = "registry+https://github.com/rust-lang/crates.io-index"
checksum = "57450397855d951f1a41305e54851b1a7b8f5d2e349543a02a2effe25459f718"
dependencies = [
 "num-integer",
 "num-traits",
 "serde",
]

[[package]]
name = "num-complex"
version = "0.2.1"
source = "registry+https://github.com/rust-lang/crates.io-index"
checksum = "107b9be86cd2481930688277b675b0114578227f034674726605b8a482d8baf8"
dependencies = [
 "num-traits",
]

[[package]]
name = "num-integer"
version = "0.1.39"
source = "registry+https://github.com/rust-lang/crates.io-index"
checksum = "e83d528d2677f0518c570baf2b7abdcf0cd2d248860b68507bdcb3e91d4c0cea"
dependencies = [
 "num-traits",
]

[[package]]
name = "num-iter"
version = "0.1.37"
source = "registry+https://github.com/rust-lang/crates.io-index"
checksum = "af3fdbbc3291a5464dc57b03860ec37ca6bf915ed6ee385e7c6c052c422b2124"
dependencies = [
 "num-integer",
 "num-traits",
]

[[package]]
name = "num-rational"
version = "0.2.1"
source = "registry+https://github.com/rust-lang/crates.io-index"
checksum = "4e96f040177bb3da242b5b1ecf3f54b5d5af3efbbfb18608977a5d2767b22f10"
dependencies = [
 "num-bigint",
 "num-integer",
 "num-traits",
]

[[package]]
name = "num-traits"
version = "0.2.6"
source = "registry+https://github.com/rust-lang/crates.io-index"
checksum = "0b3a5d7cc97d6d30d8b9bc8fa19bf45349ffe46241e8816f50f62f6d6aaabee1"

[[package]]
name = "num_cpus"
version = "1.9.0"
source = "registry+https://github.com/rust-lang/crates.io-index"
checksum = "5a69d464bdc213aaaff628444e99578ede64e9c854025aa43b9796530afa9238"
dependencies = [
 "libc",
]

[[package]]
name = "ordered-float"
version = "1.0.1"
source = "registry+https://github.com/rust-lang/crates.io-index"
checksum = "2f0015e9e8e28ee20c581cfbfe47c650cedeb9ed0721090e0b7ebb10b9cdbcc2"
dependencies = [
 "num-traits",
]

[[package]]
name = "owning_ref"
version = "0.4.0"
source = "registry+https://github.com/rust-lang/crates.io-index"
checksum = "49a4b8ea2179e6a2e27411d3bca09ca6dd630821cf6894c6c7c8467a8ee7ef13"
dependencies = [
 "stable_deref_trait",
]

[[package]]
name = "parking_lot"
version = "0.7.1"
source = "registry+https://github.com/rust-lang/crates.io-index"
checksum = "ab41b4aed082705d1056416ae4468b6ea99d52599ecf3169b00088d43113e337"
dependencies = [
 "lock_api",
 "parking_lot_core",
]

[[package]]
name = "parking_lot_core"
version = "0.4.0"
source = "registry+https://github.com/rust-lang/crates.io-index"
checksum = "94c8c7923936b28d546dfd14d4472eaf34c99b14e1c973a32b3e6d4eb04298c9"
dependencies = [
 "libc",
 "rand 0.6.4",
 "rustc_version",
 "smallvec",
 "winapi 0.3.6",
]

[[package]]
name = "prettytable-rs"
version = "0.8.0"
source = "registry+https://github.com/rust-lang/crates.io-index"
checksum = "0fd04b170004fa2daccf418a7f8253aaf033c27760b5f225889024cf66d7ac2e"
dependencies = [
 "atty",
 "csv",
 "encode_unicode",
 "lazy_static",
 "term",
 "unicode-width",
]

[[package]]
name = "proc-macro2"
version = "0.4.24"
source = "registry+https://github.com/rust-lang/crates.io-index"
checksum = "77619697826f31a02ae974457af0b29b723e5619e113e9397b8b82c6bd253f09"
dependencies = [
 "unicode-xid",
]

[[package]]
name = "quick-error"
version = "1.2.2"
source = "registry+https://github.com/rust-lang/crates.io-index"
checksum = "9274b940887ce9addde99c4eee6b5c44cc494b182b97e73dc8ffdcb3397fd3f0"

[[package]]
name = "quote"
version = "0.6.10"
source = "registry+https://github.com/rust-lang/crates.io-index"
checksum = "53fa22a1994bd0f9372d7a816207d8a2677ad0325b073f5c5332760f0fb62b5c"
dependencies = [
 "proc-macro2",
]

[[package]]
name = "rand"
version = "0.3.22"
source = "registry+https://github.com/rust-lang/crates.io-index"
checksum = "15a732abf9d20f0ad8eeb6f909bf6868722d9a06e1e50802b6a70351f40b4eb1"
dependencies = [
 "fuchsia-zircon",
 "libc",
 "rand 0.4.5",
]

[[package]]
name = "rand"
version = "0.4.5"
source = "registry+https://github.com/rust-lang/crates.io-index"
checksum = "dee497e66d8d76bf08ce20c8d36e16f93749ab0bf89975b4f8ae5cee660c2da2"
dependencies = [
 "fuchsia-zircon",
 "libc",
 "rand_core",
 "rdrand",
 "winapi 0.3.6",
]

[[package]]
name = "rand"
version = "0.6.4"
source = "registry+https://github.com/rust-lang/crates.io-index"
checksum = "3906503e80ac6cbcacb2c2973fa8e473f24d7e2747c8c92bb230c2441cad96b5"
dependencies = [
 "autocfg",
 "libc",
 "rand_chacha",
 "rand_core",
 "rand_hc",
 "rand_isaac",
 "rand_os",
 "rand_pcg",
 "rand_xorshift",
 "winapi 0.3.6",
]

[[package]]
name = "rand_chacha"
version = "0.1.1"
source = "registry+https://github.com/rust-lang/crates.io-index"
checksum = "556d3a1ca6600bfcbab7c7c91ccb085ac7fbbcd70e008a98742e7847f4f7bcef"
dependencies = [
 "autocfg",
 "rand_core",
]

[[package]]
name = "rand_core"
version = "0.3.0"
source = "registry+https://github.com/rust-lang/crates.io-index"
checksum = "0905b6b7079ec73b314d4c748701f6931eb79fd97c668caa3f1899b22b32c6db"

[[package]]
name = "rand_hc"
version = "0.1.0"
source = "registry+https://github.com/rust-lang/crates.io-index"
checksum = "7b40677c7be09ae76218dc623efbf7b18e34bced3f38883af07bb75630a21bc4"
dependencies = [
 "rand_core",
]

[[package]]
name = "rand_isaac"
version = "0.1.1"
source = "registry+https://github.com/rust-lang/crates.io-index"
checksum = "ded997c9d5f13925be2a6fd7e66bf1872597f759fd9dd93513dd7e92e5a5ee08"
dependencies = [
 "rand_core",
]

[[package]]
name = "rand_os"
version = "0.1.1"
source = "registry+https://github.com/rust-lang/crates.io-index"
checksum = "f46fbd5550acf75b0c2730f5dd1873751daf9beb8f11b44027778fae50d7feca"
dependencies = [
 "cloudabi",
 "fuchsia-zircon",
 "libc",
 "rand_core",
 "rdrand",
 "winapi 0.3.6",
]

[[package]]
name = "rand_pcg"
version = "0.1.1"
source = "registry+https://github.com/rust-lang/crates.io-index"
checksum = "086bd09a33c7044e56bb44d5bdde5a60e7f119a9e95b0775f545de759a32fe05"
dependencies = [
 "rand_core",
 "rustc_version",
]

[[package]]
name = "rand_xorshift"
version = "0.1.1"
source = "registry+https://github.com/rust-lang/crates.io-index"
checksum = "cbf7e9e623549b0e21f6e97cf8ecf247c1a8fd2e8a992ae265314300b2455d5c"
dependencies = [
 "rand_core",
]

[[package]]
name = "rdrand"
version = "0.4.0"
source = "registry+https://github.com/rust-lang/crates.io-index"
checksum = "678054eb77286b51581ba43620cc911abf02758c91f93f479767aed0f90458b2"
dependencies = [
 "rand_core",
]

[[package]]
name = "redox_syscall"
version = "0.1.50"
source = "registry+https://github.com/rust-lang/crates.io-index"
checksum = "52ee9a534dc1301776eff45b4fa92d2c39b1d8c3d3357e6eb593e0d795506fc2"

[[package]]
name = "redox_termios"
version = "0.1.1"
source = "registry+https://github.com/rust-lang/crates.io-index"
checksum = "7e891cfe48e9100a70a3b6eb652fef28920c117d366339687bd5576160db0f76"
dependencies = [
 "redox_syscall",
]

[[package]]
name = "rust-crypto"
version = "0.2.36"
source = "registry+https://github.com/rust-lang/crates.io-index"
checksum = "f76d05d3993fd5f4af9434e8e436db163a12a9d40e1a58a726f27a01dfd12a2a"
dependencies = [
 "gcc",
 "libc",
 "rand 0.3.22",
 "rustc-serialize",
 "time",
]

[[package]]
name = "rustc-serialize"
version = "0.3.24"
source = "registry+https://github.com/rust-lang/crates.io-index"
checksum = "dcf128d1287d2ea9d80910b5f1120d0b8eede3fbf1abe91c40d39ea7d51e6fda"

[[package]]
name = "rustc_version"
version = "0.2.3"
source = "registry+https://github.com/rust-lang/crates.io-index"
checksum = "138e3e0acb6c9fb258b19b67cb8abd63c00679d2851805ea151465464fe9030a"
dependencies = [
 "semver",
]

[[package]]
name = "ryu"
version = "0.2.7"
source = "registry+https://github.com/rust-lang/crates.io-index"
checksum = "eb9e9b8cde282a9fe6a42dd4681319bfb63f121b8a8ee9439c6f4107e58a46f7"

[[package]]
name = "scopeguard"
version = "0.3.3"
source = "registry+https://github.com/rust-lang/crates.io-index"
checksum = "94258f53601af11e6a49f722422f6e3425c52b06245a5cf9bc09908b174f5e27"

[[package]]
name = "semver"
version = "0.9.0"
source = "registry+https://github.com/rust-lang/crates.io-index"
checksum = "1d7eb9ef2c18661902cc47e535f9bc51b78acd254da71d375c2f6720d9a40403"
dependencies = [
 "semver-parser",
]

[[package]]
name = "semver-parser"
version = "0.7.0"
source = "registry+https://github.com/rust-lang/crates.io-index"
checksum = "388a1df253eca08550bef6c72392cfe7c30914bf41df5269b68cbd6ff8f570a3"

[[package]]
name = "serde"
version = "1.0.87"
source = "registry+https://github.com/rust-lang/crates.io-index"
checksum = "2e20fde37801e83c891a2dc4ebd3b81f0da4d1fb67a9e0a2a3b921e2536a58ee"

[[package]]
name = "serde-value"
version = "0.5.3"
source = "registry+https://github.com/rust-lang/crates.io-index"
checksum = "7a663f873dedc4eac1a559d4c6bc0d0b2c34dc5ac4702e105014b8281489e44f"
dependencies = [
 "ordered-float",
 "serde",
]

[[package]]
name = "serde_derive"
version = "1.0.87"
source = "registry+https://github.com/rust-lang/crates.io-index"
checksum = "633e97856567e518b59ffb2ad7c7a4fd4c5d91d9c7f32dd38a27b2bf7e8114ea"
dependencies = [
 "proc-macro2",
 "quote",
 "syn",
]

[[package]]
name = "serde_json"
version = "1.0.38"
source = "registry+https://github.com/rust-lang/crates.io-index"
checksum = "27dce848e7467aa0e2fcaf0a413641499c0b745452aaca1194d24dedde9e13c9"
dependencies = [
 "itoa",
 "ryu",
 "serde",
]

[[package]]
name = "serde_yaml"
version = "0.8.8"
source = "registry+https://github.com/rust-lang/crates.io-index"
checksum = "0887a8e097a69559b56aa2526bf7aff7c3048cf627dff781f0b56a6001534593"
dependencies = [
 "dtoa",
 "linked-hash-map",
 "serde",
 "yaml-rust",
]

[[package]]
name = "signal-hook"
version = "0.1.7"
source = "registry+https://github.com/rust-lang/crates.io-index"
checksum = "1f272d1b7586bec132ed427f532dd418d8beca1ca7f2caf7df35569b1415a4b4"
dependencies = [
 "arc-swap",
 "libc",
]

[[package]]
name = "slab"
version = "0.4.2"
source = "registry+https://github.com/rust-lang/crates.io-index"
checksum = "c111b5bd5695e56cffe5129854aa230b39c93a305372fdbb2668ca2394eea9f8"

[[package]]
name = "smallvec"
version = "0.6.8"
source = "registry+https://github.com/rust-lang/crates.io-index"
checksum = "88aea073965ab29f6edb5493faf96ad662fb18aa9eeb186a3b7057951605ed15"
dependencies = [
 "unreachable",
]

[[package]]
name = "stable_deref_trait"
version = "1.1.1"
source = "registry+https://github.com/rust-lang/crates.io-index"
checksum = "dba1a27d3efae4351c8051072d619e3ade2820635c3958d826bfea39d59b54c8"

[[package]]
name = "strsim"
version = "0.7.0"
source = "registry+https://github.com/rust-lang/crates.io-index"
checksum = "bb4f380125926a99e52bc279241539c018323fab05ad6368b56f93d9369ff550"

[[package]]
name = "syn"
version = "0.15.24"
source = "registry+https://github.com/rust-lang/crates.io-index"
checksum = "734ecc29cd36e8123850d9bf21dfd62ef8300aaa8f879aabaa899721808be37c"
dependencies = [
 "proc-macro2",
 "quote",
 "unicode-xid",
]

[[package]]
name = "term"
version = "0.5.1"
source = "registry+https://github.com/rust-lang/crates.io-index"
checksum = "5e6b677dd1e8214ea1ef4297f85dbcbed8e8cdddb561040cc998ca2551c37561"
dependencies = [
 "byteorder",
 "winapi 0.3.6",
]

[[package]]
name = "termion"
version = "1.5.1"
source = "registry+https://github.com/rust-lang/crates.io-index"
checksum = "689a3bdfaab439fd92bc87df5c4c78417d3cbe537487274e9b0b2dce76e92096"
dependencies = [
 "libc",
 "redox_syscall",
 "redox_termios",
]

[[package]]
name = "textwrap"
version = "0.10.0"
source = "registry+https://github.com/rust-lang/crates.io-index"
checksum = "307686869c93e71f94da64286f9a9524c0f308a9e1c87a583de8e9c9039ad3f6"
dependencies = [
 "unicode-width",
]

[[package]]
name = "thread-id"
version = "3.3.0"
source = "registry+https://github.com/rust-lang/crates.io-index"
checksum = "c7fbf4c9d56b320106cd64fd024dadfa0be7cb4706725fc44a7d7ce952d820c1"
dependencies = [
 "libc",
 "redox_syscall",
 "winapi 0.3.6",
]

[[package]]
name = "time"
version = "0.1.42"
source = "registry+https://github.com/rust-lang/crates.io-index"
checksum = "db8dcfca086c1143c9270ac42a2bbd8a7ee477b78ac8e45b19abfb0cbede4b6f"
dependencies = [
 "libc",
 "redox_syscall",
 "winapi 0.3.6",
]

[[package]]
name = "tokio"
version = "0.1.15"
source = "registry+https://github.com/rust-lang/crates.io-index"
checksum = "e0500b88064f08bebddd0c0bed39e19f5c567a5f30975bee52b0c0d3e2eeb38c"
dependencies = [
 "bytes",
 "futures",
 "mio",
 "num_cpus",
 "tokio-codec",
 "tokio-current-thread",
 "tokio-executor",
 "tokio-fs",
 "tokio-io",
 "tokio-reactor",
 "tokio-sync",
 "tokio-tcp",
 "tokio-threadpool",
 "tokio-timer",
 "tokio-udp",
 "tokio-uds",
]

[[package]]
name = "tokio-codec"
version = "0.1.1"
source = "registry+https://github.com/rust-lang/crates.io-index"
checksum = "5c501eceaf96f0e1793cf26beb63da3d11c738c4a943fdf3746d81d64684c39f"
dependencies = [
 "bytes",
 "futures",
 "tokio-io",
]

[[package]]
name = "tokio-current-thread"
version = "0.1.4"
source = "registry+https://github.com/rust-lang/crates.io-index"
checksum = "331c8acc267855ec06eb0c94618dcbbfea45bed2d20b77252940095273fb58f6"
dependencies = [
 "futures",
 "tokio-executor",
]

[[package]]
name = "tokio-executor"
version = "0.1.6"
source = "registry+https://github.com/rust-lang/crates.io-index"
checksum = "30c6dbf2d1ad1de300b393910e8a3aa272b724a400b6531da03eed99e329fbf0"
dependencies = [
 "crossbeam-utils",
 "futures",
]

[[package]]
name = "tokio-fs"
version = "0.1.5"
source = "registry+https://github.com/rust-lang/crates.io-index"
checksum = "0e9cbbc8a3698b7ab652340f46633364f9eaa928ddaaee79d8b8f356dd79a09d"
dependencies = [
 "futures",
 "tokio-io",
 "tokio-threadpool",
]

[[package]]
name = "tokio-io"
version = "0.1.11"
source = "registry+https://github.com/rust-lang/crates.io-index"
checksum = "b53aeb9d3f5ccf2ebb29e19788f96987fa1355f8fe45ea193928eaaaf3ae820f"
dependencies = [
 "bytes",
 "futures",
 "log",
]

[[package]]
name = "tokio-reactor"
version = "0.1.8"
source = "registry+https://github.com/rust-lang/crates.io-index"
checksum = "afbcdb0f0d2a1e4c440af82d7bbf0bf91a8a8c0575bcd20c05d15be7e9d3a02f"
dependencies = [
 "crossbeam-utils",
 "futures",
 "lazy_static",
 "log",
 "mio",
 "num_cpus",
 "parking_lot",
 "slab",
 "tokio-executor",
 "tokio-io",
]

[[package]]
name = "tokio-sync"
version = "0.1.0"
source = "registry+https://github.com/rust-lang/crates.io-index"
checksum = "0d65a58e2215c13179e6eeb2cf00511e0aee455cad40a9bfaef15a2fd8aab1c7"
dependencies = [
 "futures",
]

[[package]]
name = "tokio-tcp"
version = "0.1.3"
source = "registry+https://github.com/rust-lang/crates.io-index"
checksum = "1d14b10654be682ac43efee27401d792507e30fd8d26389e1da3b185de2e4119"
dependencies = [
 "bytes",
 "futures",
 "iovec",
 "mio",
 "tokio-io",
 "tokio-reactor",
]

[[package]]
name = "tokio-threadpool"
version = "0.1.10"
source = "registry+https://github.com/rust-lang/crates.io-index"
checksum = "17465013014410310f9f61fa10bf4724803c149ea1d51efece131c38efca93aa"
dependencies = [
 "crossbeam-channel",
 "crossbeam-deque",
 "crossbeam-utils",
 "futures",
 "log",
 "num_cpus",
 "rand 0.6.4",
 "tokio-executor",
]

[[package]]
name = "tokio-timer"
version = "0.2.8"
source = "registry+https://github.com/rust-lang/crates.io-index"
checksum = "4f37f0111d76cc5da132fe9bc0590b9b9cfd079bc7e75ac3846278430a299ff8"
dependencies = [
 "crossbeam-utils",
 "futures",
 "slab",
 "tokio-executor",
]

[[package]]
name = "tokio-udp"
version = "0.1.3"
source = "registry+https://github.com/rust-lang/crates.io-index"
checksum = "66268575b80f4a4a710ef83d087fdfeeabdce9b74c797535fbac18a2cb906e92"
dependencies = [
 "bytes",
 "futures",
 "log",
 "mio",
 "tokio-codec",
 "tokio-io",
 "tokio-reactor",
]

[[package]]
name = "tokio-uds"
version = "0.2.5"
source = "registry+https://github.com/rust-lang/crates.io-index"
checksum = "037ffc3ba0e12a0ab4aca92e5234e0dedeb48fddf6ccd260f1f150a36a9f2445"
dependencies = [
 "bytes",
 "futures",
 "iovec",
 "libc",
 "log",
 "mio",
 "mio-uds",
 "tokio-codec",
 "tokio-io",
 "tokio-reactor",
]

[[package]]
name = "traitobject"
version = "0.1.0"
source = "registry+https://github.com/rust-lang/crates.io-index"
checksum = "efd1f82c56340fdf16f2a953d7bda4f8fdffba13d93b00844c25572110b26079"

[[package]]
name = "typemap"
version = "0.3.3"
source = "registry+https://github.com/rust-lang/crates.io-index"
checksum = "653be63c80a3296da5551e1bfd2cca35227e13cdd08c6668903ae2f4f77aa1f6"
dependencies = [
 "unsafe-any",
]

[[package]]
name = "unicode-width"
version = "0.1.5"
source = "registry+https://github.com/rust-lang/crates.io-index"
checksum = "882386231c45df4700b275c7ff55b6f3698780a650026380e72dabe76fa46526"

[[package]]
name = "unicode-xid"
version = "0.1.0"
source = "registry+https://github.com/rust-lang/crates.io-index"
checksum = "fc72304796d0818e357ead4e000d19c9c174ab23dc11093ac919054d20a6a7fc"

[[package]]
name = "unreachable"
version = "1.0.0"
source = "registry+https://github.com/rust-lang/crates.io-index"
checksum = "382810877fe448991dfc7f0dd6e3ae5d58088fd0ea5e35189655f84e6814fa56"
dependencies = [
 "void",
]

[[package]]
name = "unsafe-any"
version = "0.4.2"
source = "registry+https://github.com/rust-lang/crates.io-index"
checksum = "f30360d7979f5e9c6e6cea48af192ea8fab4afb3cf72597154b8f08935bc9c7f"
dependencies = [
 "traitobject",
]

[[package]]
name = "vec_map"
version = "0.8.1"
source = "registry+https://github.com/rust-lang/crates.io-index"
checksum = "05c78687fb1a80548ae3250346c3db86a80a7cdd77bda190189f2d0a0987c81a"

[[package]]
name = "void"
version = "1.0.2"
source = "registry+https://github.com/rust-lang/crates.io-index"
checksum = "6a02e4885ed3bc0f2de90ea6dd45ebcbb66dacffe03547fadbb0eeae2770887d"

[[package]]
name = "winapi"
version = "0.2.8"
source = "registry+https://github.com/rust-lang/crates.io-index"
checksum = "167dc9d6949a9b857f3451275e911c3f44255842c1f7a76f33c55103a909087a"

[[package]]
name = "winapi"
version = "0.3.6"
source = "registry+https://github.com/rust-lang/crates.io-index"
checksum = "92c1eb33641e276cfa214a0522acad57be5c56b10cb348b3c5117db75f3ac4b0"
dependencies = [
 "winapi-i686-pc-windows-gnu",
 "winapi-x86_64-pc-windows-gnu",
]

[[package]]
name = "winapi-build"
version = "0.1.1"
source = "registry+https://github.com/rust-lang/crates.io-index"
checksum = "2d315eee3b34aca4797b2da6b13ed88266e6d612562a0c46390af8299fc699bc"

[[package]]
name = "winapi-i686-pc-windows-gnu"
version = "0.4.0"
source = "registry+https://github.com/rust-lang/crates.io-index"
checksum = "ac3b87c63620426dd9b991e5ce0329eff545bccbbb34f3be09ff6fb6ab51b7b6"

[[package]]
name = "winapi-x86_64-pc-windows-gnu"
version = "0.4.0"
source = "registry+https://github.com/rust-lang/crates.io-index"
checksum = "712e227841d057c1ee1cd2fb22fa7e5a5461ae8e48fa2ca79ec42cfc1931183f"

[[package]]
name = "ws2_32-sys"
version = "0.2.1"
source = "registry+https://github.com/rust-lang/crates.io-index"
checksum = "d59cefebd0c892fa2dd6de581e937301d8552cb44489cdff035c6187cb63fa5e"
dependencies = [
 "winapi 0.2.8",
 "winapi-build",
]

[[package]]
name = "yaml-rust"
version = "0.4.2"
source = "registry+https://github.com/rust-lang/crates.io-index"
checksum = "95acf0db5515d07da9965ec0e0ba6cc2d825e2caeb7303b66ca441729801254e"
dependencies = [
 "linked-hash-map",
]
